
Microsoft Visual Studio Solution File, Format Version 11.00
# Visual Studio 2010
Project("{FAE04EC0-301F-11D3-BF4B-00C04F79EFBC}") = "NetStack.Serialization.Tests", "NetStack.Serialization.Tests.csproj", "{AA80F906-6FBC-C26A-1B39-7662467A0584}"
EndProject
Project("{FAE04EC0-301F-11D3-BF4B-00C04F79EFBC}") = "NetStack.Serialization", "NetStack.Serialization.csproj", "{8F5EC9A9-907D-B6D7-2EF4-64B314B765D6}"
EndProject
Project("{FAE04EC0-301F-11D3-BF4B-00C04F79EFBC}") = "NetStack.Collections", "NetStack.Collections.csproj", "{740F52FB-F54D-E8DD-8619-1C4ABA035FFB}"
EndProject
Project("{FAE04EC0-301F-11D3-BF4B-00C04F79EFBC}") = "NetStack.Serialization.Benchmarks", "NetStack.Serialization.Benchmarks.csproj", "{E506BFC3-3857-342D-67CC-0641C3CCAE23}"
EndProject
Global
	GlobalSection(SolutionConfigurationPlatforms) = preSolution
		Debug|Any CPU = Debug|Any CPU
		Release|Any CPU = Release|Any CPU
	EndGlobalSection
	GlobalSection(ProjectConfigurationPlatforms) = postSolution
		{AA80F906-6FBC-C26A-1B39-7662467A0584}.Debug|Any CPU.ActiveCfg = Debug|Any CPU
		{AA80F906-6FBC-C26A-1B39-7662467A0584}.Debug|Any CPU.Build.0 = Debug|Any CPU
		{AA80F906-6FBC-C26A-1B39-7662467A0584}.Release|Any CPU.ActiveCfg = Release|Any CPU
		{AA80F906-6FBC-C26A-1B39-7662467A0584}.Release|Any CPU.Build.0 = Release|Any CPU
		{8F5EC9A9-907D-B6D7-2EF4-64B314B765D6}.Debug|Any CPU.ActiveCfg = Debug|Any CPU
		{8F5EC9A9-907D-B6D7-2EF4-64B314B765D6}.Debug|Any CPU.Build.0 = Debug|Any CPU
		{8F5EC9A9-907D-B6D7-2EF4-64B314B765D6}.Release|Any CPU.ActiveCfg = Release|Any CPU
		{8F5EC9A9-907D-B6D7-2EF4-64B314B765D6}.Release|Any CPU.Build.0 = Release|Any CPU
		{740F52FB-F54D-E8DD-8619-1C4ABA035FFB}.Debug|Any CPU.ActiveCfg = Debug|Any CPU
		{740F52FB-F54D-E8DD-8619-1C4ABA035FFB}.Debug|Any CPU.Build.0 = Debug|Any CPU
		{740F52FB-F54D-E8DD-8619-1C4ABA035FFB}.Release|Any CPU.ActiveCfg = Release|Any CPU
		{740F52FB-F54D-E8DD-8619-1C4ABA035FFB}.Release|Any CPU.Build.0 = Release|Any CPU
		{E506BFC3-3857-342D-67CC-0641C3CCAE23}.Debug|Any CPU.ActiveCfg = Debug|Any CPU
		{E506BFC3-3857-342D-67CC-0641C3CCAE23}.Debug|Any CPU.Build.0 = Debug|Any CPU
		{E506BFC3-3857-342D-67CC-0641C3CCAE23}.Release|Any CPU.ActiveCfg = Release|Any CPU
		{E506BFC3-3857-342D-67CC-0641C3CCAE23}.Release|Any CPU.Build.0 = Release|Any CPU
	EndGlobalSection
	GlobalSection(SolutionProperties) = preSolution
		HideSolutionNode = FALSE
	EndGlobalSection
	GlobalSection(MonoDevelopProperties) = preSolution
		StartupItem = Assembly-CSharp.csproj
	EndGlobalSection
EndGlobal
